
Microsoft Visual Studio Solution File, Format Version 12.00
# Visual Studio Version 17
VisualStudioVersion = 17.7.34031.279
MinimumVisualStudioVersion = 10.0.40219.1
Project("{FAE04EC0-301F-11D3-BF4B-00C04F79EFBC}") = "MovieHub", "MovieHub\MovieHub.csproj", "{F020FEDD-9B7E-44EA-A003-C07135B29547}"
EndProject
Project("{FAE04EC0-301F-11D3-BF4B-00C04F79EFBC}") = "MovieHub.Data", "MovieHub.Data\MovieHub.Data.csproj", "{7B59301C-CC9E-4B95-9C52-889FDE94C931}"
EndProject
Project("{FAE04EC0-301F-11D3-BF4B-00C04F79EFBC}") = "MovieHub.Utilities", "MovieHub.Utilities\MovieHub.Utilities.csproj", "{0499ED03-616E-469C-9A14-5181FA3EF7FD}"
EndProject
Global
	GlobalSection(SolutionConfigurationPlatforms) = preSolution
		Debug|Any CPU = Debug|Any CPU
		Release|Any CPU = Release|Any CPU
	EndGlobalSection
	GlobalSection(ProjectConfigurationPlatforms) = postSolution
		{F020FEDD-9B7E-44EA-A003-C07135B29547}.Debug|Any CPU.ActiveCfg = Debug|Any CPU
		{F020FEDD-9B7E-44EA-A003-C07135B29547}.Debug|Any CPU.Build.0 = Debug|Any CPU
		{F020FEDD-9B7E-44EA-A003-C07135B29547}.Release|Any CPU.ActiveCfg = Release|Any CPU
		{F020FEDD-9B7E-44EA-A003-C07135B29547}.Release|Any CPU.Build.0 = Release|Any CPU
		{7B59301C-CC9E-4B95-9C52-889FDE94C931}.Debug|Any CPU.ActiveCfg = Debug|Any CPU
		{7B59301C-CC9E-4B95-9C52-889FDE94C931}.Debug|Any CPU.Build.0 = Debug|Any CPU
		{7B59301C-CC9E-4B95-9C52-889FDE94C931}.Release|Any CPU.ActiveCfg = Release|Any CPU
		{7B59301C-CC9E-4B95-9C52-889FDE94C931}.Release|Any CPU.Build.0 = Release|Any CPU
		{0499ED03-616E-469C-9A14-5181FA3EF7FD}.Debug|Any CPU.ActiveCfg = Debug|Any CPU
		{0499ED03-616E-469C-9A14-5181FA3EF7FD}.Debug|Any CPU.Build.0 = Debug|Any CPU
		{0499ED03-616E-469C-9A14-5181FA3EF7FD}.Release|Any CPU.ActiveCfg = Release|Any CPU
		{0499ED03-616E-469C-9A14-5181FA3EF7FD}.Release|Any CPU.Build.0 = Release|Any CPU
	EndGlobalSection
	GlobalSection(SolutionProperties) = preSolution
		HideSolutionNode = FALSE
	EndGlobalSection
	GlobalSection(ExtensibilityGlobals) = postSolution
		SolutionGuid = {2A56B6CE-E62E-45E1-AB7C-5E023DF79D6C}
	EndGlobalSection
EndGlobal
